
Microsoft Visual Studio Solution File, Format Version 12.00
# Visual Studio Version 17
VisualStudioVersion = 17.5.33502.453
MinimumVisualStudioVersion = 10.0.40219.1
Project("{FAE04EC0-301F-11D3-BF4B-00C04F79EFBC}") = "winFormElenaa", "winFormElenaa\winFormElenaa.csproj", "{971C82A7-C11A-4FAC-A2BF-938C7A24EB8D}"
EndProject
Global
	GlobalSection(SolutionConfigurationPlatforms) = preSolution
		Debug|Any CPU = Debug|Any CPU
		Release|Any CPU = Release|Any CPU
	EndGlobalSection
	GlobalSection(ProjectConfigurationPlatforms) = postSolution
		{971C82A7-C11A-4FAC-A2BF-938C7A24EB8D}.Debug|Any CPU.ActiveCfg = Debug|Any CPU
		{971C82A7-C11A-4FAC-A2BF-938C7A24EB8D}.Debug|Any CPU.Build.0 = Debug|Any CPU
		{971C82A7-C11A-4FAC-A2BF-938C7A24EB8D}.Release|Any CPU.ActiveCfg = Release|Any CPU
		{971C82A7-C11A-4FAC-A2BF-938C7A24EB8D}.Release|Any CPU.Build.0 = Release|Any CPU
	EndGlobalSection
	GlobalSection(SolutionProperties) = preSolution
		HideSolutionNode = FALSE
	EndGlobalSection
	GlobalSection(ExtensibilityGlobals) = postSolution
		SolutionGuid = {4F4A826E-6A2C-4750-98DF-A40905F92FE8}
	EndGlobalSection
EndGlobal
